PODS:
  - AEPCore (3.1.2):
    - AEPRulesEngine (= 1.0.0)
    - AEPServices (= 3.1.2)
  - AEPRulesEngine (1.0.0)
  - AEPServices (3.1.2)

DEPENDENCIES:
  - AEPCore (from `https://github.com/PravinPK/aepsdk-core-ios.git`, branch `assuranceSwift`)
  - AEPServices

SPEC REPOS:
  trunk:
    - AEPRulesEngine
    - AEPServices

EXTERNAL SOURCES:
  AEPCore:
    :branch: assuranceSwift
    :git: https://github.com/PravinPK/aepsdk-core-ios.git

CHECKOUT OPTIONS:
  AEPCore:
    :commit: 3dcebb80b2d2f11ebd266b22a8f2acb03da6069e
    :git: https://github.com/PravinPK/aepsdk-core-ios.git

SPEC CHECKSUMS:
  AEPCore: d85439869b2f9bcb9d84c1662ced049dd5fa9b56
  AEPRulesEngine: 8bbc694fce6900cd33b2496c7d4b33ee2eeffc46
  AEPServices: 891fc1fb2e2ecacf02f293d1a7f3c478dc4d338b

PODFILE CHECKSUM: 2e2d4bec028ed5f867b3a31e4917bf0170984df1

COCOAPODS: 1.10.1
