PODS:
  - AEPCore (3.2.0):
    - AEPRulesEngine (= 1.0.1)
    - AEPServices (= 3.2.0)
  - AEPRulesEngine (1.0.1)
  - AEPServices (3.2.0)

DEPENDENCIES:
  - AEPCore
  - AEPServices

SPEC REPOS:
  trunk:
    - AEPCore
    - AEPRulesEngine
    - AEPServices

SPEC CHECKSUMS:
  AEPCore: 741e1ffb754d042919c37291dbec506bfd014598
  AEPRulesEngine: 5075ed294026a12e37bd26fe260f74604d205354
  AEPServices: 3120a4824903b60229644f84de35d49c502cda9c

PODFILE CHECKSUM: 3c0039d00fbae2f652cbbbfcb4b38b98fab1a312

COCOAPODS: 1.10.1
