PODS:
  - AEPAnalytics (3.2.0):
    - AEPCore (>= 3.7.0)
    - AEPServices (>= 3.7.0)
  - AEPCore (4.0.0):
    - AEPRulesEngine (>= 4.0.0)
    - AEPServices (>= 4.0.0)
  - AEPEdge (1.6.0):
    - AEPCore (>= 3.7.0)
    - AEPEdgeIdentity (>= 1.2.0)
  - AEPEdgeConsent (1.1.0):
    - AEPCore (>= 3.7.0)
    - AEPEdge (>= 1.6.0)
  - AEPEdgeIdentity (1.2.0):
    - AEPCore (>= 3.7.0)
  - AEPIdentity (3.9.0):
    - AEPCore (>= 3.9.0)
  - AEPLifecycle (3.9.0):
    - AEPCore (>= 3.9.0)
  - AEPMessaging (1.1.4):
    - AEPCore (>= 3.8.1)
    - AEPEdge (>= 1.5.0)
    - AEPEdgeIdentity (>= 1.1.0)
    - AEPServices (>= 3.8.1)
  - AEPPlaces (3.0.3):
    - AEPCore (>= 3.0.0)
    - AEPServices (>= 3.0.0)
  - AEPRulesEngine (4.0.0)
  - AEPServices (4.0.0)
  - AEPSignal (3.9.0):
    - AEPCore (>= 3.9.0)
  - AEPTarget (3.3.1):
    - AEPCore (>= 3.1.0)
  - AEPUserProfile (3.0.1):
    - AEPCore
  - SwiftLint (0.52.0)

DEPENDENCIES:
  - AEPAnalytics
  - AEPCore
  - AEPEdge
  - AEPEdgeConsent
  - AEPEdgeIdentity
  - AEPIdentity
  - AEPLifecycle
  - AEPMessaging
  - AEPPlaces
  - AEPServices
  - AEPSignal
  - AEPTarget
  - AEPUserProfile
  - SwiftLint (= 0.52.0)

SPEC REPOS:
  trunk:
    - AEPAnalytics
    - AEPCore
    - AEPEdge
    - AEPEdgeConsent
    - AEPEdgeIdentity
    - AEPIdentity
    - AEPLifecycle
    - AEPMessaging
    - AEPPlaces
    - AEPRulesEngine
    - AEPServices
    - AEPSignal
    - AEPTarget
    - AEPUserProfile
    - SwiftLint

SPEC CHECKSUMS:
  AEPAnalytics: b83efee29b4323537cbce4b8f146d26cee6cdc80
  AEPCore: dd7cd69696c768c610e6adc0307032985a381c7e
  AEPEdge: e4364a56d358c517f7d4cef87570ac4e7652d3a2
  AEPEdgeConsent: d10d4232615b880d484050edf47b2e3fbfb787bb
  AEPEdgeIdentity: 6bb2c1e62d48cdc988b4d492e8e6d563f0ced73d
  AEPIdentity: efcd67b2a130cf47ddd927288db2896768a727d8
  AEPLifecycle: f84b5e7ebb443309475df19f77ac6ebcdabd6a66
  AEPMessaging: bc711037b3989843f925649874225f8f3a4d8462
  AEPPlaces: 561e22d5ee6570fcb0b721a47aa7cda2c4f00ec0
  AEPRulesEngine: 458450a34922823286ead045a0c2bd8c27e224c6
  AEPServices: ca493988df250d84fda050124ff7549bcc43c65f
  AEPSignal: 5e3f2d6f2e57535adbf50f1263841228b68256c8
  AEPTarget: 90c732ef32cee5733897e395afdab7242df9762d
  AEPUserProfile: 2ddb5ba8e2c22dd8f942992306b050f4be2c2403
  SwiftLint: 13280e21cdda6786ad908dc6e416afe5acd1fcb7

PODFILE CHECKSUM: 71eff368dd285422aa7446618ee8ed088faeec87

COCOAPODS: 1.12.0
